
Microsoft Visual Studio Solution File, Format Version 10.00
# Visual Studio 2008
Project("{FAE04EC0-301F-11D3-BF4B-00C04F79EFBC}") = "AccountRequest", "..\Webs\AccountRequest\AccountRequest.csproj", "{75F9D50E-F39C-4AE5-AE9B-0A6380EEDAB5}"
EndProject
Global
	GlobalSection(SolutionConfigurationPlatforms) = preSolution
		Debug|Any CPU = Debug|Any CPU
		Release|Any CPU = Release|Any CPU
	EndGlobalSection
	GlobalSection(ProjectConfigurationPlatforms) = postSolution
		{75F9D50E-F39C-4AE5-AE9B-0A6380EEDAB5}.Debug|Any CPU.ActiveCfg = Debug|Any CPU
		{75F9D50E-F39C-4AE5-AE9B-0A6380EEDAB5}.Debug|Any CPU.Build.0 = Debug|Any CPU
		{75F9D50E-F39C-4AE5-AE9B-0A6380EEDAB5}.Release|Any CPU.ActiveCfg = Release|Any CPU
		{75F9D50E-F39C-4AE5-AE9B-0A6380EEDAB5}.Release|Any CPU.Build.0 = Release|Any CPU
	EndGlobalSection
	GlobalSection(SolutionProperties) = preSolution
		HideSolutionNode = FALSE
	EndGlobalSection
EndGlobal
